
Microsoft Visual Studio Solution File, Format Version 12.00
# Visual Studio Version 17
VisualStudioVersion = 17.8.34525.116
MinimumVisualStudioVersion = 10.0.40219.1
Project("{FAE04EC0-301F-11D3-BF4B-00C04F79EFBC}") = "LibraryEF", "LibraryEF\LibraryEF.csproj", "{044BA861-B0C0-4575-9946-8CC20A5A065E}"
EndProject
Global
	GlobalSection(SolutionConfigurationPlatforms) = preSolution
		Debug|Any CPU = Debug|Any CPU
		Release|Any CPU = Release|Any CPU
	EndGlobalSection
	GlobalSection(ProjectConfigurationPlatforms) = postSolution
		{044BA861-B0C0-4575-9946-8CC20A5A065E}.Debug|Any CPU.ActiveCfg = Debug|Any CPU
		{044BA861-B0C0-4575-9946-8CC20A5A065E}.Debug|Any CPU.Build.0 = Debug|Any CPU
		{044BA861-B0C0-4575-9946-8CC20A5A065E}.Release|Any CPU.ActiveCfg = Release|Any CPU
		{044BA861-B0C0-4575-9946-8CC20A5A065E}.Release|Any CPU.Build.0 = Release|Any CPU
	EndGlobalSection
	GlobalSection(SolutionProperties) = preSolution
		HideSolutionNode = FALSE
	EndGlobalSection
	GlobalSection(ExtensibilityGlobals) = postSolution
		SolutionGuid = {EBB61CC5-7077-4201-B784-DE308F70398D}
	EndGlobalSection
EndGlobal
